// !$*UTF8*$!
{
	archiveVersion = 1;
	classes = {
	};
	objectVersion = 46;
	objects = {

/* Begin PBXBuildFile section */
		342625E51E83C5450080F0F2 /* AppDelegate.swift in Sources */ = {isa = PBXBuildFile; fileRef = 342625E41E83C5450080F0F2 /* AppDelegate.swift */; };
		342625E71E83C5450080F0F2 /* ViewController.swift in Sources */ = {isa = PBXBuildFile; fileRef = 342625E61E83C5450080F0F2 /* ViewController.swift */; };
		342625EA1E83C5450080F0F2 /* Main.storyboard in Resources */ = {isa = PBXBuildFile; fileRef = 342625E81E83C5450080F0F2 /* Main.storyboard */; };
		342625EC1E83C5450080F0F2 /* Assets.xcassets in Resources */ = {isa = PBXBuildFile; fileRef = 342625EB1E83C5450080F0F2 /* Assets.xcassets */; };
		342625EF1E83C5450080F0F2 /* LaunchScreen.storyboard in Resources */ = {isa = PBXBuildFile; fileRef = 342625ED1E83C5450080F0F2 /* LaunchScreen.storyboard */; };
		342625FA1E83C5450080F0F2 /* loanCaculateTests.swift in Sources */ = {isa = PBXBuildFile; fileRef = 342625F91E83C5450080F0F2 /* loanCaculateTests.swift */; };
/* End PBXBuildFile section */

/* Begin PBXContainerItemProxy section */
		342625F61E83C5450080F0F2 /* PBXContainerItemProxy */ = {
			isa = PBXContainerItemProxy;
			containerPortal = 342625D91E83C5440080F0F2 /* Project object */;
			proxyType = 1;
			remoteGlobalIDString = 342625E01E83C5440080F0F2;
			remoteInfo = loanCaculate;
		};
/* End PBXContainerItemProxy section */

/* Begin PBXFileReference section */
		342625E11E83C5450080F0F2 /* loanCaculate.app */ = {isa = PBXFileReference; explicitFileType = wrapper.application; includeInIndex = 0; path = loanCaculate.app; sourceTree = BUILT_PRODUCTS_DIR; };
		342625E41E83C5450080F0F2 /* AppDelegate.swift */ = {isa = PBXFileReference; lastKnownFileType = sourcecode.swift; path = AppDelegate.swift; sourceTree = "<group>"; };
		342625E61E83C5450080F0F2 /* ViewController.swift */ = {isa = PBXFileReference; lastKnownFileType = sourcecode.swift; path = ViewController.swift; sourceTree = "<group>"; };
		342625E91E83C5450080F0F2 /* Base */ = {isa = PBXFileReference; lastKnownFileType = file.storyboard; name = Base; path = Base.lproj/Main.storyboard; sourceTree = "<group>"; };
		342625EB1E83C5450080F0F2 /* Assets.xcassets */ = {isa = PBXFileReference; lastKnownFileType = folder.assetcatalog; path = Assets.xcassets; sourceTree = "<group>"; };
		342625EE1E83C5450080F0F2 /* Base */ = {isa = PBXFileReference; lastKnownFileType = file.storyboard; name = Base; path = Base.lproj/LaunchScreen.storyboard; sourceTree = "<group>"; };
		342625F01E83C5450080F0F2 /* Info.plist */ = {isa = PBXFileReference; lastKnownFileType = text.plist.xml; path = Info.plist; sourceTree = "<group>"; };
		342625F51E83C5450080F0F2 /* loanCaculateTests.xctest */ = {isa = PBXFileReference; explicitFileType = wrapper.cfbundle; includeInIndex = 0; path = loanCaculateTests.xctest; sourceTree = BUILT_PRODUCTS_DIR; };
		342625F91E83C5450080F0F2 /* loanCaculateTests.swift */ = {isa = PBXFileReference; lastKnownFileType = sourcecode.swift; path = loanCaculateTests.swift; sourceTree = "<group>"; };
		342625FB1E83C5450080F0F2 /* Info.plist */ = {isa = PBXFileReference; lastKnownFileType = text.plist.xml; path = Info.plist; sourceTree = "<group>"; };
/* End PBXFileReference section */

/* Begin PBXFrameworksBuildPhase section */
		342625DE1E83C5440080F0F2 /* Frameworks */ = {
			isa = PBXFrameworksBuildPhase;
			buildActionMask = 2147483647;
			files = (
			);
			runOnlyForDeploymentPostprocessing = 0;
		};
		342625F21E83C5450080F0F2 /* Frameworks */ = {
			isa = PBXFrameworksBuildPhase;
			buildActionMask = 2147483647;
			files = (
			);
			runOnlyForDeploymentPostprocessing = 0;
		};
/* End PBXFrameworksBuildPhase section */

/* Begin PBXGroup section */
		342625D81E83C5440080F0F2 = {
			isa = PBXGroup;
			children = (
				342625E31E83C5450080F0F2 /* loanCaculate */,
				342625F81E83C5450080F0F2 /* loanCaculateTests */,
				342625E21E83C5450080F0F2 /* Products */,
			);
			sourceTree = "<group>";
		};
		342625E21E83C5450080F0F2 /* Products */ = {
			isa = PBXGroup;
			children = (
				342625E11E83C5450080F0F2 /* loanCaculate.app */,
				342625F51E83C5450080F0F2 /* loanCaculateTests.xctest */,
			);
			name = Products;
			sourceTree = "<group>";
		};
		342625E31E83C5450080F0F2 /* loanCaculate */ = {
			isa = PBXGroup;
			children = (
				342625E41E83C5450080F0F2 /* AppDelegate.swift */,
				342625E61E83C5450080F0F2 /* ViewController.swift */,
				342625E81E83C5450080F0F2 /* Main.storyboard */,
				342625EB1E83C5450080F0F2 /* Assets.xcassets */,
				342625ED1E83C5450080F0F2 /* LaunchScreen.storyboard */,
				342625F01E83C5450080F0F2 /* Info.plist */,
			);
			path = loanCaculate;
			sourceTree = "<group>";
		};
		342625F81E83C5450080F0F2 /* loanCaculateTests */ = {
			isa = PBXGroup;
			children = (
				342625F91E83C5450080F0F2 /* loanCaculateTests.swift */,
				342625FB1E83C5450080F0F2 /* Info.plist */,
			);
			path = loanCaculateTests;
			sourceTree = "<group>";
		};
/* End PBXGroup section */

/* Begin PBXNativeTarget section */
		342625E01E83C5440080F0F2 /* loanCaculate */ = {
			isa = PBXNativeTarget;
			buildConfigurationList = 342625FE1E83C5450080F0F2 /* Build configuration list for PBXNativeTarget "loanCaculate" */;
			buildPhases = (
				342625DD1E83C5440080F0F2 /* Sources */,
				342625DE1E83C5440080F0F2 /* Frameworks */,
				342625DF1E83C5440080F0F2 /* Resources */,
			);
			buildRules = (
			);
			dependencies = (
			);
			name = loanCaculate;
			productName = loanCaculate;
			productReference = 342625E11E83C5450080F0F2 /* loanCaculate.app */;
			productType = "com.apple.product-type.application";
		};
		342625F41E83C5450080F0F2 /* loanCaculateTests */ = {
			isa = PBXNativeTarget;
			buildConfigurationList = 342626011E83C5450080F0F2 /* Build configuration list for PBXNativeTarget "loanCaculateTests" */;
			buildPhases = (
				342625F11E83C5450080F0F2 /* Sources */,
				342625F21E83C5450080F0F2 /* Frameworks */,
				342625F31E83C5450080F0F2 /* Resources */,
			);
			buildRules = (
			);
			dependencies = (
				342625F71E83C5450080F0F2 /* PBXTargetDependency */,
			);
			name = loanCaculateTests;
			productName = loanCaculateTests;
			productReference = 342625F51E83C5450080F0F2 /* loanCaculateTests.xctest */;
			productType = "com.apple.product-type.bundle.unit-test";
		};
/* End PBXNativeTarget section */

/* Begin PBXProject section */
		342625D91E83C5440080F0F2 /* Project object */ = {
			isa = PBXProject;
			attributes = {
				LastSwiftUpdateCheck = 0820;
				LastUpgradeCheck = 0820;
				ORGANIZATIONNAME = BoLing;
				TargetAttributes = {
					342625E01E83C5440080F0F2 = {
						CreatedOnToolsVersion = 8.2.1;
						DevelopmentTeam = 34DF2T5JJC;
						ProvisioningStyle = Automatic;
					};
					342625F41E83C5450080F0F2 = {
						CreatedOnToolsVersion = 8.2.1;
						DevelopmentTeam = 34DF2T5JJC;
						ProvisioningStyle = Automatic;
						TestTargetID = 342625E01E83C5440080F0F2;
					};
				};
			};
			buildConfigurationList = 342625DC1E83C5440080F0F2 /* Build configuration list for PBXProject "loanCaculate" */;
			compatibilityVersion = "Xcode 3.2";
			developmentRegion = English;
			hasScannedForEncodings = 0;
			knownRegions = (
				en,
				Base,
			);
			mainGroup = 342625D81E83C5440080F0F2;
			productRefGroup = 342625E21E83C5450080F0F2 /* Products */;
			projectDirPath = "";
			projectRoot = "";
			targets = (
				342625E01E83C5440080F0F2 /* loanCaculate */,
				342625F41E83C5450080F0F2 /* loanCaculateTests */,
			);
		};
/* End PBXProject section */

/* Begin PBXResourcesBuildPhase section */
		342625DF1E83C5440080F0F2 /* Resources */ = {
			isa = PBXResourcesBuildPhase;
			buildActionMask = 2147483647;
			files = (
				342625EF1E83C5450080F0F2 /* LaunchScreen.storyboard in Resources */,
				342625EC1E83C5450080F0F2 /* Assets.xcassets in Resources */,
				342625EA1E83C5450080F0F2 /* Main.storyboard in Resources */,
			);
			runOnlyForDeploymentPostprocessing = 0;
		};
		342625F31E83C5450080F0F2 /* Resources */ = {
			isa = PBXResourcesBuildPhase;
			buildActionMask = 2147483647;
			files = (
			);
			runOnlyForDeploymentPostprocessing = 0;
		};
/* End PBXResourcesBuildPhase section */

/* Begin PBXSourcesBuildPhase section */
		342625DD1E83C5440080F0F2 /* Sources */ = {
			isa = PBXSourcesBuildPhase;
			buildActionMask = 2147483647;
			files = (
				342625E71E83C5450080F0F2 /* ViewController.swift in Sources */,
				342625E51E83C5450080F0F2 /* AppDelegate.swift in Sources */,
			);
			runOnlyForDeploymentPostprocessing = 0;
		};
		342625F11E83C5450080F0F2 /* Sources */ = {
			isa = PBXSourcesBuildPhase;
			buildActionMask = 2147483647;
			files = (
				342625FA1E83C5450080F0F2 /* loanCaculateTests.swift in Sources */,
			);
			runOnlyForDeploymentPostprocessing = 0;
		};
/* End PBXSourcesBuildPhase section */

/* Begin PBXTargetDependency section */
		342625F71E83C5450080F0F2 /* PBXTargetDependency */ = {
			isa = PBXTargetDependency;
			target = 342625E01E83C5440080F0F2 /* loanCaculate */;
			targetProxy = 342625F61E83C5450080F0F2 /* PBXContainerItemProxy */;
		};
/* End PBXTargetDependency section */

/* Begin PBXVariantGroup section */
		342625E81E83C5450080F0F2 /* Main.storyboard */ = {
			isa = PBXVariantGroup;
			children = (
				342625E91E83C5450080F0F2 /* Base */,
			);
			name = Main.storyboard;
			sourceTree = "<group>";
		};
		342625ED1E83C5450080F0F2 /* LaunchScreen.storyboard */ = {
			isa = PBXVariantGroup;
			children = (
				342625EE1E83C5450080F0F2 /* Base */,
			);
			name = LaunchScreen.storyboard;
			sourceTree = "<group>";
		};
/* End PBXVariantGroup section */

/* Begin XCBuildConfiguration section */
		342625FC1E83C5450080F0F2 /* Debug */ = {
			isa = XCBuildConfiguration;
			buildSettings = {
				ALWAYS_SEARCH_USER_PATHS = NO;
				CLANG_ANALYZER_NONNULL = YES;
				CLANG_CXX_LANGUAGE_STANDARD = "gnu++0x";
				CLANG_CXX_LIBRARY = "libc++";
				CLANG_ENABLE_MODULES = YES;
				CLANG_ENABLE_OBJC_ARC = YES;
				CLANG_WARN_BOOL_CONVERSION = YES;
				CLANG_WARN_CONSTANT_CONVERSION = YES;
				CLANG_WARN_DIRECT_OBJC_ISA_USAGE = YES_ERROR;
				CLANG_WARN_DOCUMENTATION_COMMENTS = YES;
				CLANG_WARN_EMPTY_BODY = YES;
				CLANG_WARN_ENUM_CONVERSION = YES;
				CLANG_WARN_INFINITE_RECURSION = YES;
				CLANG_WARN_INT_CONVERSION = YES;
				CLANG_WARN_OBJC_ROOT_CLASS = YES_ERROR;
				CLANG_WARN_SUSPICIOUS_MOVE = YES;
				CLANG_WARN_UNREACHABLE_CODE = YES;
				CLANG_WARN__DUPLICATE_METHOD_MATCH = YES;
				"CODE_SIGN_IDENTITY[sdk=iphoneos*]" = "iPhone Developer";
				COPY_PHASE_STRIP = NO;
				DEBUG_INFORMATION_FORMAT = dwarf;
				ENABLE_STRICT_OBJC_MSGSEND = YES;
				ENABLE_TESTABILITY = YES;
				GCC_C_LANGUAGE_STANDARD = gnu99;
				GCC_DYNAMIC_NO_PIC = NO;
				GCC_NO_COMMON_BLOCKS = YES;
				GCC_OPTIMIZATION_LEVEL = 0;
				GCC_PREPROCESSOR_DEFINITIONS = (
					"DEBUG=1",
					"$(inherited)",
				);
				GCC_WARN_64_TO_32_BIT_CONVERSION = YES;
				GCC_WARN_ABOUT_RETURN_TYPE = YES_ERROR;
				GCC_WARN_UNDECLARED_SELECTOR = YES;
				GCC_WARN_UNINITIALIZED_AUTOS = YES_AGGRESSIVE;
				GCC_WARN_UNUSED_FUNCTION = YES;
				GCC_WARN_UNUSED_VARIABLE = YES;
				IPHONEOS_DEPLOYMENT_TARGET = 10.2;
				MTL_ENABLE_DEBUG_INFO = YES;
				ONLY_ACTIVE_ARCH = YES;
				SDKROOT = iphoneos;
				SWIFT_ACTIVE_COMPILATION_CONDITIONS = DEBUG;
				SWIFT_OPTIMIZATION_LEVEL = "-Onone";
				TARGETED_DEVICE_FAMILY = "1,2";
			};
			name = Debug;
		};
		342625FD1E83C5450080F0F2 /* Release */ = {
			isa = XCBuildConfiguration;
			buildSettings = {
				ALWAYS_SEARCH_USER_PATHS = NO;
				CLANG_ANALYZER_NONNULL = YES;
				CLANG_CXX_LANGUAGE_STANDARD = "gnu++0x";
				CLANG_CXX_LIBRARY = "libc++";
				CLANG_ENABLE_MODULES = YES;
				CLANG_ENABLE_OBJC_ARC = YES;
				CLANG_WARN_BOOL_CONVERSION = YES;
				CLANG_WARN_CONSTANT_CONVERSION = YES;
				CLANG_WARN_DIRECT_OBJC_ISA_USAGE = YES_ERROR;
				CLANG_WARN_DOCUMENTATION_COMMENTS = YES;
				CLANG_WARN_EMPTY_BODY = YES;
				CLANG_WARN_ENUM_CONVERSION = YES;
				CLANG_WARN_INFINITE_RECURSION = YES;
				CLANG_WARN_INT_CONVERSION = YES;
				CLANG_WARN_OBJC_ROOT_CLASS = YES_ERROR;
				CLANG_WARN_SUSPICIOUS_MOVE = YES;
				CLANG_WARN_UNREACHABLE_CODE = YES;
				CLANG_WARN__DUPLICATE_METHOD_MATCH = YES;
				"CODE_SIGN_IDENTITY[sdk=iphoneos*]" = "iPhone Developer";
				COPY_PHASE_STRIP = NO;
				DEBUG_INFORMATION_FORMAT = "dwarf-with-dsym";
				ENABLE_NS_ASSERTIONS = NO;
				ENABLE_STRICT_OBJC_MSGSEND = YES;
				GCC_C_LANGUAGE_STANDARD = gnu99;
				GCC_NO_COMMON_BLOCKS = YES;
				GCC_WARN_64_TO_32_BIT_CONVERSION = YES;
				GCC_WARN_ABOUT_RETURN_TYPE = YES_ERROR;
				GCC_WARN_UNDECLARED_SELECTOR = YES;
				GCC_WARN_UNINITIALIZED_AUTOS = YES_AGGRESSIVE;
				GCC_WARN_UNUSED_FUNCTION = YES;
				GCC_WARN_UNUSED_VARIABLE = YES;
				IPHONEOS_DEPLOYMENT_TARGET = 10.2;
				MTL_ENABLE_DEBUG_INFO = NO;
				SDKROOT = iphoneos;
				SWIFT_OPTIMIZATION_LEVEL = "-Owholemodule";
				TARGETED_DEVICE_FAMILY = "1,2";
				VALIDATE_PRODUCT = YES;
			};
			name = Release;
		};
		342625FF1E83C5450080F0F2 /* Debug */ = {
			isa = XCBuildConfiguration;
			buildSettings = {
				ASSETCATALOG_COMPILER_APPICON_NAME = AppIcon;
				DEVELOPMENT_TEAM = 34DF2T5JJC;
				INFOPLIST_FILE = loanCaculate/Info.plist;
				LD_RUNPATH_SEARCH_PATHS = "$(inherited) @executable_path/Frameworks";
				PRODUCT_BUNDLE_IDENTIFIER = iOS.loanCaculate;
				PRODUCT_NAME = "$(TARGET_NAME)";
				SWIFT_VERSION = 3.0;
			};
			name = Debug;
		};
		342626001E83C5450080F0F2 /* Release */ = {
			isa = XCBuildConfiguration;
			buildSettings = {
				ASSETCATALOG_COMPILER_APPICON_NAME = AppIcon;
				DEVELOPMENT_TEAM = 34DF2T5JJC;
				INFOPLIST_FILE = loanCaculate/Info.plist;
				LD_RUNPATH_SEARCH_PATHS = "$(inherited) @executable_path/Frameworks";
				PRODUCT_BUNDLE_IDENTIFIER = iOS.loanCaculate;
				PRODUCT_NAME = "$(TARGET_NAME)";
				SWIFT_VERSION = 3.0;
			};
			name = Release;
		};
		342626021E83C5450080F0F2 /* Debug */ = {
			isa = XCBuildConfiguration;
			buildSettings = {
				ALWAYS_EMBED_SWIFT_STANDARD_LIBRARIES = YES;
				BUNDLE_LOADER = "$(TEST_HOST)";
				DEVELOPMENT_TEAM = 34DF2T5JJC;
				INFOPLIST_FILE = loanCaculateTests/Info.plist;
				LD_RUNPATH_SEARCH_PATHS = "$(inherited) @executable_path/Frameworks @loader_path/Frameworks";
				PRODUCT_BUNDLE_IDENTIFIER = iOS.loanCaculateTests;
				PRODUCT_NAME = "$(TARGET_NAME)";
				SWIFT_VERSION = 3.0;
				TEST_HOST = "$(BUILT_PRODUCTS_DIR)/loanCaculate.app/loanCaculate";
			};
			name = Debug;
		};
		342626031E83C5450080F0F2 /* Release */ = {
			isa = XCBuildConfiguration;
			buildSettings = {
				ALWAYS_EMBED_SWIFT_STANDARD_LIBRARIES = YES;
				BUNDLE_LOADER = "$(TEST_HOST)";
				DEVELOPMENT_TEAM = 34DF2T5JJC;
				INFOPLIST_FILE = loanCaculateTests/Info.plist;
				LD_RUNPATH_SEARCH_PATHS = "$(inherited) @executable_path/Frameworks @loader_path/Frameworks";
				PRODUCT_BUNDLE_IDENTIFIER = iOS.loanCaculateTests;
				PRODUCT_NAME = "$(TARGET_NAME)";
				SWIFT_VERSION = 3.0;
				TEST_HOST = "$(BUILT_PRODUCTS_DIR)/loanCaculate.app/loanCaculate";
			};
			name = Release;
		};
/* End XCBuildConfiguration section */

/* Begin XCConfigurationList section */
		342625DC1E83C5440080F0F2 /* Build configuration list for PBXProject "loanCaculate" */ = {
			isa = XCConfigurationList;
			buildConfigurations = (
				342625FC1E83C5450080F0F2 /* Debug */,
				342625FD1E83C5450080F0F2 /* Release */,
			);
			defaultConfigurationIsVisible = 0;
			defaultConfigurationName = Release;
		};
		342625FE1E83C5450080F0F2 /* Build configuration list for PBXNativeTarget "loanCaculate" */ = {
			isa = XCConfigurationList;
			buildConfigurations = (
				342625FF1E83C5450080F0F2 /* Debug */,
				342626001E83C5450080F0F2 /* Release */,
			);
			defaultConfigurationIsVisible = 0;
		};
		342626011E83C5450080F0F2 /* Build configuration list for PBXNativeTarget "loanCaculateTests" */ = {
			isa = XCConfigurationList;
			buildConfigurations = (
				342626021E83C5450080F0F2 /* Debug */,
				342626031E83C5450080F0F2 /* Release */,
			);
			defaultConfigurationIsVisible = 0;
		};
/* End XCConfigurationList section */
	};
	rootObject = 342625D91E83C5440080F0F2 /* Project object */;
}
